
Microsoft Visual Studio Solution File, Format Version 12.00
# Visual Studio Version 16
VisualStudioVersion = 16.0.30320.27
MinimumVisualStudioVersion = 10.0.40219.1
Project("{9A19103F-16F7-4668-BE54-9A1E7A4F7556}") = "MasterCommands", "MasterCommands\MasterCommands.csproj", "{684E641F-9077-4AF7-AE86-C1937267E849}"
EndProject
Global
	GlobalSection(SolutionConfigurationPlatforms) = preSolution
		Debug|Any CPU = Debug|Any CPU
		Debug|x64 = Debug|x64
		Release|Any CPU = Release|Any CPU
		Release|x64 = Release|x64
		Test|Any CPU = Test|Any CPU
		Test|x64 = Test|x64
		Test1|Any CPU = Test1|Any CPU
		Test1|x64 = Test1|x64
		Test3|Any CPU = Test3|Any CPU
		Test3|x64 = Test3|x64
	EndGlobalSection
	GlobalSection(ProjectConfigurationPlatforms) = postSolution
		{684E641F-9077-4AF7-AE86-C1937267E849}.Debug|Any CPU.ActiveCfg = Debug|Any CPU
		{684E641F-9077-4AF7-AE86-C1937267E849}.Debug|Any CPU.Build.0 = Debug|Any CPU
		{684E641F-9077-4AF7-AE86-C1937267E849}.Debug|x64.ActiveCfg = Debug|x64
		{684E641F-9077-4AF7-AE86-C1937267E849}.Debug|x64.Build.0 = Debug|x64
		{684E641F-9077-4AF7-AE86-C1937267E849}.Release|Any CPU.ActiveCfg = Release|Any CPU
		{684E641F-9077-4AF7-AE86-C1937267E849}.Release|Any CPU.Build.0 = Release|Any CPU
		{684E641F-9077-4AF7-AE86-C1937267E849}.Release|x64.ActiveCfg = Release|x64
		{684E641F-9077-4AF7-AE86-C1937267E849}.Release|x64.Build.0 = Release|x64
		{684E641F-9077-4AF7-AE86-C1937267E849}.Test|Any CPU.ActiveCfg = Test|Any CPU
		{684E641F-9077-4AF7-AE86-C1937267E849}.Test|Any CPU.Build.0 = Test|Any CPU
		{684E641F-9077-4AF7-AE86-C1937267E849}.Test|x64.ActiveCfg = Test|x64
		{684E641F-9077-4AF7-AE86-C1937267E849}.Test|x64.Build.0 = Test|x64
		{684E641F-9077-4AF7-AE86-C1937267E849}.Test1|Any CPU.ActiveCfg = Test1|Any CPU
		{684E641F-9077-4AF7-AE86-C1937267E849}.Test1|Any CPU.Build.0 = Test1|Any CPU
		{684E641F-9077-4AF7-AE86-C1937267E849}.Test1|x64.ActiveCfg = Test1|x64
		{684E641F-9077-4AF7-AE86-C1937267E849}.Test1|x64.Build.0 = Test1|x64
		{684E641F-9077-4AF7-AE86-C1937267E849}.Test3|Any CPU.ActiveCfg = Test3|Any CPU
		{684E641F-9077-4AF7-AE86-C1937267E849}.Test3|Any CPU.Build.0 = Test3|Any CPU
		{684E641F-9077-4AF7-AE86-C1937267E849}.Test3|x64.ActiveCfg = Test3|x64
		{684E641F-9077-4AF7-AE86-C1937267E849}.Test3|x64.Build.0 = Test3|x64
	EndGlobalSection
	GlobalSection(SolutionProperties) = preSolution
		HideSolutionNode = FALSE
	EndGlobalSection
	GlobalSection(ExtensibilityGlobals) = postSolution
		SolutionGuid = {04EED25B-09F7-4D43-9DE6-6F2E9A84CFFE}
	EndGlobalSection
EndGlobal
